{
  "name": "todo-front",
  "version": "0.1.0",
  "lockfileVersion": 1,
  "requires": true,
  "dependencies": {
    "darkmode-js": {
      "version": "1.5.5",
      "resolved": "https://registry.npmjs.org/darkmode-js/-/darkmode-js-1.5.5.tgz",
      "integrity": "sha512-loXmLt2rJ2PYg7Z4lD8drIKG+LEk0ai7ay4JTV0bS5ZWpXmH7s9dShCu6tQ0mwWgETIn2yZ5BURK/fZoPXgZxQ=="
    }
  }
}
